{
    "requires": true,
    "lockfileVersion": 1,
    "dependencies": {
        "core-js": {
            "version": "2.4.1",
            "resolved": "https://registry.npmjs.org/core-js/-/core-js-2.4.1.tgz",
            "integrity": "sha1-TekR5mew6ukSTjQlS1OupvxhjT4="
        },
        "tui-code-snippet": {
            "version": "1.5.2",
            "resolved": "https://registry.npmjs.org/tui-code-snippet/-/tui-code-snippet-1.5.2.tgz",
            "integrity": "sha512-6UqTlQaaC1KLcmC0HAoq5dtl1G4Fib+R+NC7pmaV7kiIlZ7JqKhUmnOoGRcreAyzd81UTK/vCvhrw9QJskpCFQ=="
        },
        "tui-color-picker": {
            "version": "2.2.4",
            "resolved": "https://registry.npmjs.org/tui-color-picker/-/tui-color-picker-2.2.4.tgz",
            "integrity": "sha512-ycOis7zo2UW5FuTTjUeDPELKvPJnw4Ym8zlvC3AvY4jTzfbLTrAqtFIPBAtBcq3G5nQJoWkeohPVrAKKggfGVQ==",
            "requires": {
                "tui-code-snippet": "^1.5.0"
            }
        },
        "tui-image-editor": {
            "version": "3.7.0",
            "resolved": "https://registry.npmjs.org/tui-image-editor/-/tui-image-editor-3.7.0.tgz",
            "integrity": "sha512-IrHvIWSAq1ejeiLpSC8i9sGbD0UGCq4wkuh8XADipaH+4LJ2ZQ/IICCM8i1OtLVzmOAsJYPYp5QU/OMl3qkQLQ==",
            "requires": {
                "core-js": "2.4.1",
                "tui-code-snippet": "^1.5.0",
                "tui-color-picker": "^2.2.0"
            }
        }
    }
}
